
Microsoft Visual Studio Solution File, Format Version 12.00
# Visual Studio Version 17
VisualStudioVersion = 17.3.32922.545
MinimumVisualStudioVersion = 10.0.40219.1
Project("{FAE04EC0-301F-11D3-BF4B-00C04F79EFBC}") = "SimpleSocialApp", "SimpleSocialApp\SimpleSocialApp.csproj", "{5B6C5E08-AA7A-4CC0-A17F-09515D241EA7}"
EndProject
Project("{FAE04EC0-301F-11D3-BF4B-00C04F79EFBC}") = "SimpleSocial.DataAccess", "SimpleSocial.DataAccess\SimpleSocial.DataAccess.csproj", "{C540261A-E44C-4D36-80BE-99518A612C7E}"
EndProject
Project("{FAE04EC0-301F-11D3-BF4B-00C04F79EFBC}") = "SimpleSocial.Models", "SimpleSocial.Models\SimpleSocial.Models.csproj", "{3B31712D-F8CD-47CE-B2E5-B1DB754E53A0}"
EndProject
Project("{FAE04EC0-301F-11D3-BF4B-00C04F79EFBC}") = "SimpleSocial.Utility", "SimpleSocial.Utility\SimpleSocial.Utility.csproj", "{1FA7C489-2244-4D3A-895B-5B0AF1E4F878}"
EndProject
Global
	GlobalSection(SolutionConfigurationPlatforms) = preSolution
		Debug|Any CPU = Debug|Any CPU
		Release|Any CPU = Release|Any CPU
	EndGlobalSection
	GlobalSection(ProjectConfigurationPlatforms) = postSolution
		{5B6C5E08-AA7A-4CC0-A17F-09515D241EA7}.Debug|Any CPU.ActiveCfg = Debug|Any CPU
		{5B6C5E08-AA7A-4CC0-A17F-09515D241EA7}.Debug|Any CPU.Build.0 = Debug|Any CPU
		{5B6C5E08-AA7A-4CC0-A17F-09515D241EA7}.Release|Any CPU.ActiveCfg = Release|Any CPU
		{5B6C5E08-AA7A-4CC0-A17F-09515D241EA7}.Release|Any CPU.Build.0 = Release|Any CPU
		{C540261A-E44C-4D36-80BE-99518A612C7E}.Debug|Any CPU.ActiveCfg = Debug|Any CPU
		{C540261A-E44C-4D36-80BE-99518A612C7E}.Debug|Any CPU.Build.0 = Debug|Any CPU
		{C540261A-E44C-4D36-80BE-99518A612C7E}.Release|Any CPU.ActiveCfg = Release|Any CPU
		{C540261A-E44C-4D36-80BE-99518A612C7E}.Release|Any CPU.Build.0 = Release|Any CPU
		{3B31712D-F8CD-47CE-B2E5-B1DB754E53A0}.Debug|Any CPU.ActiveCfg = Debug|Any CPU
		{3B31712D-F8CD-47CE-B2E5-B1DB754E53A0}.Debug|Any CPU.Build.0 = Debug|Any CPU
		{3B31712D-F8CD-47CE-B2E5-B1DB754E53A0}.Release|Any CPU.ActiveCfg = Release|Any CPU
		{3B31712D-F8CD-47CE-B2E5-B1DB754E53A0}.Release|Any CPU.Build.0 = Release|Any CPU
		{1FA7C489-2244-4D3A-895B-5B0AF1E4F878}.Debug|Any CPU.ActiveCfg = Debug|Any CPU
		{1FA7C489-2244-4D3A-895B-5B0AF1E4F878}.Debug|Any CPU.Build.0 = Debug|Any CPU
		{1FA7C489-2244-4D3A-895B-5B0AF1E4F878}.Release|Any CPU.ActiveCfg = Release|Any CPU
		{1FA7C489-2244-4D3A-895B-5B0AF1E4F878}.Release|Any CPU.Build.0 = Release|Any CPU
	EndGlobalSection
	GlobalSection(SolutionProperties) = preSolution
		HideSolutionNode = FALSE
	EndGlobalSection
	GlobalSection(ExtensibilityGlobals) = postSolution
		SolutionGuid = {A2D50F28-E867-401F-8930-3015A10DEC57}
	EndGlobalSection
EndGlobal
